
Microsoft Visual Studio Solution File, Format Version 12.00
Project("{FAE04EC0-301F-11D3-BF4B-00C04F79EFBC}") = "AtmTaskFirst", "AtmTaskFirst\AtmTaskFirst.csproj", "{31C2735E-0219-437C-B8D9-8C2418D92E78}"
EndProject
Global
	GlobalSection(SolutionConfigurationPlatforms) = preSolution
		Debug|Any CPU = Debug|Any CPU
		Release|Any CPU = Release|Any CPU
	EndGlobalSection
	GlobalSection(ProjectConfigurationPlatforms) = postSolution
		{31C2735E-0219-437C-B8D9-8C2418D92E78}.Debug|Any CPU.ActiveCfg = Debug|Any CPU
		{31C2735E-0219-437C-B8D9-8C2418D92E78}.Debug|Any CPU.Build.0 = Debug|Any CPU
		{31C2735E-0219-437C-B8D9-8C2418D92E78}.Release|Any CPU.ActiveCfg = Release|Any CPU
		{31C2735E-0219-437C-B8D9-8C2418D92E78}.Release|Any CPU.Build.0 = Release|Any CPU
	EndGlobalSection
EndGlobal
